
Microsoft Visual Studio Solution File, Format Version 12.00
# Visual Studio Version 16
VisualStudioVersion = 16.0.29409.12
MinimumVisualStudioVersion = 10.0.40219.1
Project("{9A19103F-16F7-4668-BE54-9A1E7A4F7556}") = "QMPeer", "QMPeer\QMPeer.csproj", "{51127E7D-380F-45DF-BFBB-B866F18D43BB}"
EndProject
Project("{9A19103F-16F7-4668-BE54-9A1E7A4F7556}") = "QMRaftCore", "QMRaftCore\QMRaftCore.csproj", "{3650748E-F433-48CB-BD22-489BBF58BE77}"
EndProject
Project("{9A19103F-16F7-4668-BE54-9A1E7A4F7556}") = "QMBlockUtils", "QMBlockUtils\QMBlockUtils.csproj", "{9CC327CC-76B0-4E4C-9A92-78D40B66E3B0}"
EndProject
Project("{9A19103F-16F7-4668-BE54-9A1E7A4F7556}") = "QMBlockSDK", "QMBlockSDK\QMBlockSDK.csproj", "{D43169D5-0BA5-4961-81F5-72B360D2822F}"
EndProject
Project("{9A19103F-16F7-4668-BE54-9A1E7A4F7556}") = "ChainCodeTest", "ChainCodeTest\ChainCodeTest.csproj", "{5E8CA90D-7FC2-4690-98F3-6D8264A9AF7B}"
EndProject
Project("{9A19103F-16F7-4668-BE54-9A1E7A4F7556}") = "QMBlockGrpc", "QMBlockGrpc\QMBlockGrpc.csproj", "{58971F0B-EA83-477A-B517-F4637DC76AF3}"
EndProject
Project("{9A19103F-16F7-4668-BE54-9A1E7A4F7556}") = "QMBlockServer", "QMBlockServer\QMBlockServer.csproj", "{29B97736-7228-44AA-A08A-B3E666384D25}"
EndProject
Project("{9A19103F-16F7-4668-BE54-9A1E7A4F7556}") = "QMBlockClientSDK", "QMBlockClientSDK\QMBlockClientSDK.csproj", "{560CB2C8-E452-43E5-B583-858A22C36936}"
EndProject
Project("{9A19103F-16F7-4668-BE54-9A1E7A4F7556}") = "ConsoleApp1", "ConsoleApp1\ConsoleApp1.csproj", "{B1BDE0E6-C4D8-4ADA-9C75-9F687FCF46D9}"
EndProject
Global
	GlobalSection(SolutionConfigurationPlatforms) = preSolution
		Debug|Any CPU = Debug|Any CPU
		Release|Any CPU = Release|Any CPU
	EndGlobalSection
	GlobalSection(ProjectConfigurationPlatforms) = postSolution
		{51127E7D-380F-45DF-BFBB-B866F18D43BB}.Debug|Any CPU.ActiveCfg = Debug|Any CPU
		{51127E7D-380F-45DF-BFBB-B866F18D43BB}.Debug|Any CPU.Build.0 = Debug|Any CPU
		{51127E7D-380F-45DF-BFBB-B866F18D43BB}.Release|Any CPU.ActiveCfg = Release|Any CPU
		{51127E7D-380F-45DF-BFBB-B866F18D43BB}.Release|Any CPU.Build.0 = Release|Any CPU
		{3650748E-F433-48CB-BD22-489BBF58BE77}.Debug|Any CPU.ActiveCfg = Debug|Any CPU
		{3650748E-F433-48CB-BD22-489BBF58BE77}.Debug|Any CPU.Build.0 = Debug|Any CPU
		{3650748E-F433-48CB-BD22-489BBF58BE77}.Release|Any CPU.ActiveCfg = Release|Any CPU
		{3650748E-F433-48CB-BD22-489BBF58BE77}.Release|Any CPU.Build.0 = Release|Any CPU
		{9CC327CC-76B0-4E4C-9A92-78D40B66E3B0}.Debug|Any CPU.ActiveCfg = Debug|Any CPU
		{9CC327CC-76B0-4E4C-9A92-78D40B66E3B0}.Debug|Any CPU.Build.0 = Debug|Any CPU
		{9CC327CC-76B0-4E4C-9A92-78D40B66E3B0}.Release|Any CPU.ActiveCfg = Release|Any CPU
		{9CC327CC-76B0-4E4C-9A92-78D40B66E3B0}.Release|Any CPU.Build.0 = Release|Any CPU
		{D43169D5-0BA5-4961-81F5-72B360D2822F}.Debug|Any CPU.ActiveCfg = Debug|Any CPU
		{D43169D5-0BA5-4961-81F5-72B360D2822F}.Debug|Any CPU.Build.0 = Debug|Any CPU
		{D43169D5-0BA5-4961-81F5-72B360D2822F}.Release|Any CPU.ActiveCfg = Release|Any CPU
		{D43169D5-0BA5-4961-81F5-72B360D2822F}.Release|Any CPU.Build.0 = Release|Any CPU
		{5E8CA90D-7FC2-4690-98F3-6D8264A9AF7B}.Debug|Any CPU.ActiveCfg = Debug|Any CPU
		{5E8CA90D-7FC2-4690-98F3-6D8264A9AF7B}.Debug|Any CPU.Build.0 = Debug|Any CPU
		{5E8CA90D-7FC2-4690-98F3-6D8264A9AF7B}.Release|Any CPU.ActiveCfg = Release|Any CPU
		{5E8CA90D-7FC2-4690-98F3-6D8264A9AF7B}.Release|Any CPU.Build.0 = Release|Any CPU
		{58971F0B-EA83-477A-B517-F4637DC76AF3}.Debug|Any CPU.ActiveCfg = Debug|Any CPU
		{58971F0B-EA83-477A-B517-F4637DC76AF3}.Debug|Any CPU.Build.0 = Debug|Any CPU
		{58971F0B-EA83-477A-B517-F4637DC76AF3}.Release|Any CPU.ActiveCfg = Release|Any CPU
		{58971F0B-EA83-477A-B517-F4637DC76AF3}.Release|Any CPU.Build.0 = Release|Any CPU
		{29B97736-7228-44AA-A08A-B3E666384D25}.Debug|Any CPU.ActiveCfg = Debug|Any CPU
		{29B97736-7228-44AA-A08A-B3E666384D25}.Debug|Any CPU.Build.0 = Debug|Any CPU
		{29B97736-7228-44AA-A08A-B3E666384D25}.Release|Any CPU.ActiveCfg = Release|Any CPU
		{29B97736-7228-44AA-A08A-B3E666384D25}.Release|Any CPU.Build.0 = Release|Any CPU
		{560CB2C8-E452-43E5-B583-858A22C36936}.Debug|Any CPU.ActiveCfg = Debug|Any CPU
		{560CB2C8-E452-43E5-B583-858A22C36936}.Debug|Any CPU.Build.0 = Debug|Any CPU
		{560CB2C8-E452-43E5-B583-858A22C36936}.Release|Any CPU.ActiveCfg = Release|Any CPU
		{560CB2C8-E452-43E5-B583-858A22C36936}.Release|Any CPU.Build.0 = Release|Any CPU
		{B1BDE0E6-C4D8-4ADA-9C75-9F687FCF46D9}.Debug|Any CPU.ActiveCfg = Debug|Any CPU
		{B1BDE0E6-C4D8-4ADA-9C75-9F687FCF46D9}.Debug|Any CPU.Build.0 = Debug|Any CPU
		{B1BDE0E6-C4D8-4ADA-9C75-9F687FCF46D9}.Release|Any CPU.ActiveCfg = Release|Any CPU
		{B1BDE0E6-C4D8-4ADA-9C75-9F687FCF46D9}.Release|Any CPU.Build.0 = Release|Any CPU
	EndGlobalSection
	GlobalSection(SolutionProperties) = preSolution
		HideSolutionNode = FALSE
	EndGlobalSection
	GlobalSection(ExtensibilityGlobals) = postSolution
		SolutionGuid = {DAA7635C-6074-4F84-8E1C-0A46F11EF438}
	EndGlobalSection
EndGlobal
